
Microsoft Visual Studio Solution File, Format Version 12.00
# Visual Studio Version 17
VisualStudioVersion = 17.1.32319.34
MinimumVisualStudioVersion = 10.0.40219.1
Project("{9A19103F-16F7-4668-BE54-9A1E7A4F7556}") = "mprRebarTools", "mprRebarTools\mprRebarTools.csproj", "{D4C6FFCF-119B-4E3D-918D-F6D48E43F892}"
EndProject
Project("{9A19103F-16F7-4668-BE54-9A1E7A4F7556}") = "_build", "build\_build.csproj", "{BB602819-2B57-4B87-B083-CC9ED45FE5D7}"
EndProject
Global
	GlobalSection(SolutionConfigurationPlatforms) = preSolution
		Debug|x64 = Debug|x64
		R2017|x64 = R2017|x64
		R2018|x64 = R2018|x64
		R2019|x64 = R2019|x64
		R2020|x64 = R2020|x64
		R2021|x64 = R2021|x64
		R2022|x64 = R2022|x64
		R2023|x64 = R2023|x64
	EndGlobalSection
	GlobalSection(ProjectConfigurationPlatforms) = postSolution
		{D4C6FFCF-119B-4E3D-918D-F6D48E43F892}.Debug|x64.ActiveCfg = Debug|x64
		{D4C6FFCF-119B-4E3D-918D-F6D48E43F892}.R2017|x64.ActiveCfg = R2017|x64
		{D4C6FFCF-119B-4E3D-918D-F6D48E43F892}.R2017|x64.Build.0 = R2017|x64
		{D4C6FFCF-119B-4E3D-918D-F6D48E43F892}.R2018|x64.ActiveCfg = R2018|x64
		{D4C6FFCF-119B-4E3D-918D-F6D48E43F892}.R2018|x64.Build.0 = R2018|x64
		{D4C6FFCF-119B-4E3D-918D-F6D48E43F892}.R2019|x64.ActiveCfg = R2019|x64
		{D4C6FFCF-119B-4E3D-918D-F6D48E43F892}.R2019|x64.Build.0 = R2019|x64
		{D4C6FFCF-119B-4E3D-918D-F6D48E43F892}.R2020|x64.ActiveCfg = R2020|x64
		{D4C6FFCF-119B-4E3D-918D-F6D48E43F892}.R2020|x64.Build.0 = R2020|x64
		{D4C6FFCF-119B-4E3D-918D-F6D48E43F892}.R2021|x64.ActiveCfg = R2021|x64
		{D4C6FFCF-119B-4E3D-918D-F6D48E43F892}.R2021|x64.Build.0 = R2021|x64
		{D4C6FFCF-119B-4E3D-918D-F6D48E43F892}.R2022|x64.ActiveCfg = R2022|x64
		{D4C6FFCF-119B-4E3D-918D-F6D48E43F892}.R2022|x64.Build.0 = R2022|x64
		{D4C6FFCF-119B-4E3D-918D-F6D48E43F892}.R2023|x64.ActiveCfg = R2023|x64
		{D4C6FFCF-119B-4E3D-918D-F6D48E43F892}.R2023|x64.Build.0 = R2023|x64
		{BB602819-2B57-4B87-B083-CC9ED45FE5D7}.Debug|x64.ActiveCfg = Debug|Any CPU
		{BB602819-2B57-4B87-B083-CC9ED45FE5D7}.Debug|x64.Build.0 = Debug|Any CPU
		{BB602819-2B57-4B87-B083-CC9ED45FE5D7}.R2017|x64.ActiveCfg = Debug|Any CPU
		{BB602819-2B57-4B87-B083-CC9ED45FE5D7}.R2018|x64.ActiveCfg = Debug|Any CPU
		{BB602819-2B57-4B87-B083-CC9ED45FE5D7}.R2019|x64.ActiveCfg = Debug|Any CPU
		{BB602819-2B57-4B87-B083-CC9ED45FE5D7}.R2020|x64.ActiveCfg = Debug|Any CPU
		{BB602819-2B57-4B87-B083-CC9ED45FE5D7}.R2021|x64.ActiveCfg = Debug|Any CPU
		{BB602819-2B57-4B87-B083-CC9ED45FE5D7}.R2022|x64.ActiveCfg = Debug|Any CPU
		{BB602819-2B57-4B87-B083-CC9ED45FE5D7}.R2023|x64.ActiveCfg = Release|Any CPU
		{BB602819-2B57-4B87-B083-CC9ED45FE5D7}.R2023|x64.Build.0 = Release|Any CPU
	EndGlobalSection
	GlobalSection(SolutionProperties) = preSolution
		HideSolutionNode = FALSE
	EndGlobalSection
	GlobalSection(ExtensibilityGlobals) = postSolution
		SolutionGuid = {52427A01-3572-4D97-8ACD-33463168A299}
	EndGlobalSection
EndGlobal
